lockfileVersion: '6.1'

settings:
  autoInstallPeers: true
  excludeLinksFromLockfile: false

importers:

  .: {}

  packages/eslint-config: {}

  packages/eslint-config-basic: {}

  packages/eslint-config-ts: {}

  packages/eslint-config-vue: {}

  packages/tsconfig:
    dependencies:
      '@tsconfig/node-lts':
        specifier: ^18.12.2
        version: 18.12.2
      '@types/node':
        specifier: ^20.2.5
        version: 20.2.5
      '@vue/tsconfig':
        specifier: ^0.4.0
        version: 0.4.0

packages:

  /@tsconfig/node-lts@18.12.2:
    resolution: {integrity: sha512-1zbWpsZkChnemJsRm+G2EyjuPueNPkjBEfp08ET1uCv0CUL/5AK1IZvFtEsw7ZyEqojIydye3mwt6k8isULj4A==}
    dev: false

  /@types/node@20.2.5:
    resolution: {integrity: sha512-JJulVEQXmiY9Px5axXHeYGLSjhkZEnD+MDPDGbCbIAbMslkKwmygtZFy1X6s/075Yo94sf8GuSlFfPzysQrWZQ==}
    dev: false

  /@vue/tsconfig@0.4.0:
    resolution: {integrity: sha512-CPuIReonid9+zOG/CGTT05FXrPYATEqoDGNrEaqS4hwcw5BUNM2FguC0mOwJD4Jr16UpRVl9N0pY3P+srIbqmg==}
    dev: false
